// !$*UTF8*$!
{
	archiveVersion = 1;
	classes = {
	};
	objectVersion = 46;
	objects = {

/* Begin PBXBuildFile section */
		15364B3D1DFFEA280073FAAA /* AppDelegate.swift in Sources */ = {isa = PBXBuildFile; fileRef = 15364B3C1DFFEA280073FAAA /* AppDelegate.swift */; };
		15364B3F1DFFEA280073FAAA /* ViewController.swift in Sources */ = {isa = PBXBuildFile; fileRef = 15364B3E1DFFEA280073FAAA /* ViewController.swift */; };
		15364B421DFFEA280073FAAA /* Main.storyboard in Resources */ = {isa = PBXBuildFile; fileRef = 15364B401DFFEA280073FAAA /* Main.storyboard */; };
		15364B441DFFEA280073FAAA /* Assets.xcassets in Resources */ = {isa = PBXBuildFile; fileRef = 15364B431DFFEA280073FAAA /* Assets.xcassets */; };
		15364B471DFFEA280073FAAA /* LaunchScreen.storyboard in Resources */ = {isa = PBXBuildFile; fileRef = 15364B451DFFEA280073FAAA /* LaunchScreen.storyboard */; };
		1592CAE01E00F364009315D6 /* operator_button.swift in Sources */ = {isa = PBXBuildFile; fileRef = 1592CADF1E00F364009315D6 /* operator_button.swift */; };
		1592CAE21E00FED3009315D6 /* gradient_view.swift in Sources */ = {isa = PBXBuildFile; fileRef = 1592CAE11E00FED3009315D6 /* gradient_view.swift */; };
		1592CAE41E014295009315D6 /* number_button.swift in Sources */ = {isa = PBXBuildFile; fileRef = 1592CAE31E014295009315D6 /* number_button.swift */; };
/* End PBXBuildFile section */

/* Begin PBXFileReference section */
		15364B391DFFEA280073FAAA /* ung_dung_may_tinh_ca_nhan.app */ = {isa = PBXFileReference; explicitFileType = wrapper.application; includeInIndex = 0; path = ung_dung_may_tinh_ca_nhan.app; sourceTree = BUILT_PRODUCTS_DIR; };
		15364B3C1DFFEA280073FAAA /* AppDelegate.swift */ = {isa = PBXFileReference; lastKnownFileType = sourcecode.swift; path = AppDelegate.swift; sourceTree = "<group>"; };
		15364B3E1DFFEA280073FAAA /* ViewController.swift */ = {isa = PBXFileReference; lastKnownFileType = sourcecode.swift; path = ViewController.swift; sourceTree = "<group>"; };
		15364B411DFFEA280073FAAA /* Base */ = {isa = PBXFileReference; lastKnownFileType = file.storyboard; name = Base; path = Base.lproj/Main.storyboard; sourceTree = "<group>"; };
		15364B431DFFEA280073FAAA /* Assets.xcassets */ = {isa = PBXFileReference; lastKnownFileType = folder.assetcatalog; path = Assets.xcassets; sourceTree = "<group>"; };
		15364B461DFFEA280073FAAA /* Base */ = {isa = PBXFileReference; lastKnownFileType = file.storyboard; name = Base; path = Base.lproj/LaunchScreen.storyboard; sourceTree = "<group>"; };
		15364B481DFFEA280073FAAA /* Info.plist */ = {isa = PBXFileReference; lastKnownFileType = text.plist.xml; path = Info.plist; sourceTree = "<group>"; };
		1592CADF1E00F364009315D6 /* operator_button.swift */ = {isa = PBXFileReference; fileEncoding = 4; lastKnownFileType = sourcecode.swift; path = operator_button.swift; sourceTree = "<group>"; };
		1592CAE11E00FED3009315D6 /* gradient_view.swift */ = {isa = PBXFileReference; fileEncoding = 4; lastKnownFileType = sourcecode.swift; path = gradient_view.swift; sourceTree = "<group>"; };
		1592CAE31E014295009315D6 /* number_button.swift */ = {isa = PBXFileReference; fileEncoding = 4; lastKnownFileType = sourcecode.swift; path = number_button.swift; sourceTree = "<group>"; };
/* End PBXFileReference section */

/* Begin PBXFrameworksBuildPhase section */
		15364B361DFFEA280073FAAA /* Frameworks */ = {
			isa = PBXFrameworksBuildPhase;
			buildActionMask = 2147483647;
			files = (
			);
			runOnlyForDeploymentPostprocessing = 0;
		};
/* End PBXFrameworksBuildPhase section */

/* Begin PBXGroup section */
		15364B301DFFEA280073FAAA = {
			isa = PBXGroup;
			children = (
				15364B3B1DFFEA280073FAAA /* ung_dung_may_tinh_ca_nhan */,
				15364B3A1DFFEA280073FAAA /* Products */,
			);
			sourceTree = "<group>";
		};
		15364B3A1DFFEA280073FAAA /* Products */ = {
			isa = PBXGroup;
			children = (
				15364B391DFFEA280073FAAA /* ung_dung_may_tinh_ca_nhan.app */,
			);
			name = Products;
			sourceTree = "<group>";
		};
		15364B3B1DFFEA280073FAAA /* ung_dung_may_tinh_ca_nhan */ = {
			isa = PBXGroup;
			children = (
				15364B3C1DFFEA280073FAAA /* AppDelegate.swift */,
				15364B3E1DFFEA280073FAAA /* ViewController.swift */,
				15364B401DFFEA280073FAAA /* Main.storyboard */,
				1592CAE31E014295009315D6 /* number_button.swift */,
				1592CAE11E00FED3009315D6 /* gradient_view.swift */,
				1592CADF1E00F364009315D6 /* operator_button.swift */,
				15364B431DFFEA280073FAAA /* Assets.xcassets */,
				15364B451DFFEA280073FAAA /* LaunchScreen.storyboard */,
				15364B481DFFEA280073FAAA /* Info.plist */,
			);
			path = ung_dung_may_tinh_ca_nhan;
			sourceTree = "<group>";
		};
/* End PBXGroup section */

/* Begin PBXNativeTarget section */
		15364B381DFFEA280073FAAA /* ung_dung_may_tinh_ca_nhan */ = {
			isa = PBXNativeTarget;
			buildConfigurationList = 15364B4B1DFFEA280073FAAA /* Build configuration list for PBXNativeTarget "ung_dung_may_tinh_ca_nhan" */;
			buildPhases = (
				15364B351DFFEA280073FAAA /* Sources */,
				15364B361DFFEA280073FAAA /* Frameworks */,
				15364B371DFFEA280073FAAA /* Resources */,
			);
			buildRules = (
			);
			dependencies = (
			);
			name = ung_dung_may_tinh_ca_nhan;
			productName = ung_dung_may_tinh_ca_nhan;
			productReference = 15364B391DFFEA280073FAAA /* ung_dung_may_tinh_ca_nhan.app */;
			productType = "com.apple.product-type.application";
		};
/* End PBXNativeTarget section */

/* Begin PBXProject section */
		15364B311DFFEA280073FAAA /* Project object */ = {
			isa = PBXProject;
			attributes = {
				LastSwiftUpdateCheck = 0810;
				LastUpgradeCheck = 0810;
				ORGANIZATIONNAME = Thang;
				TargetAttributes = {
					15364B381DFFEA280073FAAA = {
						CreatedOnToolsVersion = 8.1;
						ProvisioningStyle = Automatic;
					};
				};
			};
			buildConfigurationList = 15364B341DFFEA280073FAAA /* Build configuration list for PBXProject "ung_dung_may_tinh_ca_nhan" */;
			compatibilityVersion = "Xcode 3.2";
			developmentRegion = English;
			hasScannedForEncodings = 0;
			knownRegions = (
				en,
				Base,
			);
			mainGroup = 15364B301DFFEA280073FAAA;
			productRefGroup = 15364B3A1DFFEA280073FAAA /* Products */;
			projectDirPath = "";
			projectRoot = "";
			targets = (
				15364B381DFFEA280073FAAA /* ung_dung_may_tinh_ca_nhan */,
			);
		};
/* End PBXProject section */

/* Begin PBXResourcesBuildPhase section */
		15364B371DFFEA280073FAAA /* Resources */ = {
			isa = PBXResourcesBuildPhase;
			buildActionMask = 2147483647;
			files = (
				15364B471DFFEA280073FAAA /* LaunchScreen.storyboard in Resources */,
				15364B441DFFEA280073FAAA /* Assets.xcassets in Resources */,
				15364B421DFFEA280073FAAA /* Main.storyboard in Resources */,
			);
			runOnlyForDeploymentPostprocessing = 0;
		};
/* End PBXResourcesBuildPhase section */

/* Begin PBXSourcesBuildPhase section */
		15364B351DFFEA280073FAAA /* Sources */ = {
			isa = PBXSourcesBuildPhase;
			buildActionMask = 2147483647;
			files = (
				15364B3F1DFFEA280073FAAA /* ViewController.swift in Sources */,
				1592CAE41E014295009315D6 /* number_button.swift in Sources */,
				1592CAE01E00F364009315D6 /* operator_button.swift in Sources */,
				1592CAE21E00FED3009315D6 /* gradient_view.swift in Sources */,
				15364B3D1DFFEA280073FAAA /* AppDelegate.swift in Sources */,
			);
			runOnlyForDeploymentPostprocessing = 0;
		};
/* End PBXSourcesBuildPhase section */

/* Begin PBXVariantGroup section */
		15364B401DFFEA280073FAAA /* Main.storyboard */ = {
			isa = PBXVariantGroup;
			children = (
				15364B411DFFEA280073FAAA /* Base */,
			);
			name = Main.storyboard;
			sourceTree = "<group>";
		};
		15364B451DFFEA280073FAAA /* LaunchScreen.storyboard */ = {
			isa = PBXVariantGroup;
			children = (
				15364B461DFFEA280073FAAA /* Base */,
			);
			name = LaunchScreen.storyboard;
			sourceTree = "<group>";
		};
/* End PBXVariantGroup section */

/* Begin XCBuildConfiguration section */
		15364B491DFFEA280073FAAA /* Debug */ = {
			isa = XCBuildConfiguration;
			buildSettings = {
				ALWAYS_SEARCH_USER_PATHS = NO;
				CLANG_ANALYZER_NONNULL = YES;
				CLANG_CXX_LANGUAGE_STANDARD = "gnu++0x";
				CLANG_CXX_LIBRARY = "libc++";
				CLANG_ENABLE_MODULES = YES;
				CLANG_ENABLE_OBJC_ARC = YES;
				CLANG_WARN_BOOL_CONVERSION = YES;
				CLANG_WARN_CONSTANT_CONVERSION = YES;
				CLANG_WARN_DIRECT_OBJC_ISA_USAGE = YES_ERROR;
				CLANG_WARN_DOCUMENTATION_COMMENTS = YES;
				CLANG_WARN_EMPTY_BODY = YES;
				CLANG_WARN_ENUM_CONVERSION = YES;
				CLANG_WARN_INFINITE_RECURSION = YES;
				CLANG_WARN_INT_CONVERSION = YES;
				CLANG_WARN_OBJC_ROOT_CLASS = YES_ERROR;
				CLANG_WARN_SUSPICIOUS_MOVES = YES;
				CLANG_WARN_UNREACHABLE_CODE = YES;
				CLANG_WARN__DUPLICATE_METHOD_MATCH = YES;
				"CODE_SIGN_IDENTITY[sdk=iphoneos*]" = "iPhone Developer";
				COPY_PHASE_STRIP = NO;
				DEBUG_INFORMATION_FORMAT = dwarf;
				ENABLE_STRICT_OBJC_MSGSEND = YES;
				ENABLE_TESTABILITY = YES;
				GCC_C_LANGUAGE_STANDARD = gnu99;
				GCC_DYNAMIC_NO_PIC = NO;
				GCC_NO_COMMON_BLOCKS = YES;
				GCC_OPTIMIZATION_LEVEL = 0;
				GCC_PREPROCESSOR_DEFINITIONS = (
					"DEBUG=1",
					"$(inherited)",
				);
				GCC_WARN_64_TO_32_BIT_CONVERSION = YES;
				GCC_WARN_ABOUT_RETURN_TYPE = YES_ERROR;
				GCC_WARN_UNDECLARED_SELECTOR = YES;
				GCC_WARN_UNINITIALIZED_AUTOS = YES_AGGRESSIVE;
				GCC_WARN_UNUSED_FUNCTION = YES;
				GCC_WARN_UNUSED_VARIABLE = YES;
				IPHONEOS_DEPLOYMENT_TARGET = 10.1;
				MTL_ENABLE_DEBUG_INFO = YES;
				ONLY_ACTIVE_ARCH = YES;
				SDKROOT = iphoneos;
				SWIFT_ACTIVE_COMPILATION_CONDITIONS = DEBUG;
				SWIFT_OPTIMIZATION_LEVEL = "-Onone";
			};
			name = Debug;
		};
		15364B4A1DFFEA280073FAAA /* Release */ = {
			isa = XCBuildConfiguration;
			buildSettings = {
				ALWAYS_SEARCH_USER_PATHS = NO;
				CLANG_ANALYZER_NONNULL = YES;
				CLANG_CXX_LANGUAGE_STANDARD = "gnu++0x";
				CLANG_CXX_LIBRARY = "libc++";
				CLANG_ENABLE_MODULES = YES;
				CLANG_ENABLE_OBJC_ARC = YES;
				CLANG_WARN_BOOL_CONVERSION = YES;
				CLANG_WARN_CONSTANT_CONVERSION = YES;
				CLANG_WARN_DIRECT_OBJC_ISA_USAGE = YES_ERROR;
				CLANG_WARN_DOCUMENTATION_COMMENTS = YES;
				CLANG_WARN_EMPTY_BODY = YES;
				CLANG_WARN_ENUM_CONVERSION = YES;
				CLANG_WARN_INFINITE_RECURSION = YES;
				CLANG_WARN_INT_CONVERSION = YES;
				CLANG_WARN_OBJC_ROOT_CLASS = YES_ERROR;
				CLANG_WARN_SUSPICIOUS_MOVES = YES;
				CLANG_WARN_UNREACHABLE_CODE = YES;
				CLANG_WARN__DUPLICATE_METHOD_MATCH = YES;
				"CODE_SIGN_IDENTITY[sdk=iphoneos*]" = "iPhone Developer";
				COPY_PHASE_STRIP = NO;
				DEBUG_INFORMATION_FORMAT = "dwarf-with-dsym";
				ENABLE_NS_ASSERTIONS = NO;
				ENABLE_STRICT_OBJC_MSGSEND = YES;
				GCC_C_LANGUAGE_STANDARD = gnu99;
				GCC_NO_COMMON_BLOCKS = YES;
				GCC_WARN_64_TO_32_BIT_CONVERSION = YES;
				GCC_WARN_ABOUT_RETURN_TYPE = YES_ERROR;
				GCC_WARN_UNDECLARED_SELECTOR = YES;
				GCC_WARN_UNINITIALIZED_AUTOS = YES_AGGRESSIVE;
				GCC_WARN_UNUSED_FUNCTION = YES;
				GCC_WARN_UNUSED_VARIABLE = YES;
				IPHONEOS_DEPLOYMENT_TARGET = 10.1;
				MTL_ENABLE_DEBUG_INFO = NO;
				SDKROOT = iphoneos;
				SWIFT_OPTIMIZATION_LEVEL = "-Owholemodule";
				VALIDATE_PRODUCT = YES;
			};
			name = Release;
		};
		15364B4C1DFFEA280073FAAA /* Debug */ = {
			isa = XCBuildConfiguration;
			buildSettings = {
				ASSETCATALOG_COMPILER_APPICON_NAME = AppIcon;
				INFOPLIST_FILE = ung_dung_may_tinh_ca_nhan/Info.plist;
				LD_RUNPATH_SEARCH_PATHS = "$(inherited) @executable_path/Frameworks";
				PRODUCT_BUNDLE_IDENTIFIER = "Thang.ung-dung-may-tinh-ca-nhan";
				PRODUCT_NAME = "$(TARGET_NAME)";
				SWIFT_VERSION = 3.0;
			};
			name = Debug;
		};
		15364B4D1DFFEA280073FAAA /* Release */ = {
			isa = XCBuildConfiguration;
			buildSettings = {
				ASSETCATALOG_COMPILER_APPICON_NAME = AppIcon;
				INFOPLIST_FILE = ung_dung_may_tinh_ca_nhan/Info.plist;
				LD_RUNPATH_SEARCH_PATHS = "$(inherited) @executable_path/Frameworks";
				PRODUCT_BUNDLE_IDENTIFIER = "Thang.ung-dung-may-tinh-ca-nhan";
				PRODUCT_NAME = "$(TARGET_NAME)";
				SWIFT_VERSION = 3.0;
			};
			name = Release;
		};
/* End XCBuildConfiguration section */

/* Begin XCConfigurationList section */
		15364B341DFFEA280073FAAA /* Build configuration list for PBXProject "ung_dung_may_tinh_ca_nhan" */ = {
			isa = XCConfigurationList;
			buildConfigurations = (
				15364B491DFFEA280073FAAA /* Debug */,
				15364B4A1DFFEA280073FAAA /* Release */,
			);
			defaultConfigurationIsVisible = 0;
			defaultConfigurationName = Release;
		};
		15364B4B1DFFEA280073FAAA /* Build configuration list for PBXNativeTarget "ung_dung_may_tinh_ca_nhan" */ = {
			isa = XCConfigurationList;
			buildConfigurations = (
				15364B4C1DFFEA280073FAAA /* Debug */,
				15364B4D1DFFEA280073FAAA /* Release */,
			);
			defaultConfigurationIsVisible = 0;
			defaultConfigurationName = Release;
		};
/* End XCConfigurationList section */
	};
	rootObject = 15364B311DFFEA280073FAAA /* Project object */;
}
